{
    "_readme": [
        "This file locks the dependencies of your project to a known state",
        "Read more about it at https://getcomposer.org/doc/01-basic-usage.md#composer-lock-the-lock-file",
        "This file is @generated automatically"
    ],
    "hash": "225f6b55549f605b00056bb175580853",
    "packages": [
        {
            "name": "matthiasmullie/minify",
            "version": "dev-compile",
            "source": {
                "type": "git",
                "url": "http://github.com/scs-ben/minify.git",
                "reference": "4935e725a49db37f35ca87bdb775ea7f7822d578"
            },
            "dist": {
                "type": "zip",
                "url": "https://api.github.com/repos/scs-ben/minify/zipball/4935e725a49db37f35ca87bdb775ea7f7822d578",
                "reference": "4935e725a49db37f35ca87bdb775ea7f7822d578",
                "shasum": ""
            },
            "require": {
                "ext-pcre": "*",
                "matthiasmullie/path-converter": "~1.0",
                "php": ">=5.3.0"
            },
            "require-dev": {
                "phpunit/phpunit": "4.3.*",
                "satooshi/php-coveralls": "dev-master",
                "scrapbook/psr-cache": "~0.2"
            },
            "bin": [
                "bin/minifycss",
                "bin/minifyjs"
            ],
            "type": "library",
            "autoload": {
                "psr-4": {
                    "MatthiasMullie\\Minify\\": "src/"
                }
            },
            "license": [
                "MIT"
            ],
            "authors": [
                {
                    "name": "Matthias Mullie",
                    "homepage": "http://www.mullie.eu",
                    "email": "minify@mullie.eu",
                    "role": "Developer"
                }
            ],
            "description": "CSS & JS minifier",
            "homepage": "http://www.minifier.org",
            "keywords": [
                "css",
                "javascript",
                "js",
                "minifier",
                "minify"
            ],
            "support": {
                "source": "https://github.com/scs-ben/minify/tree/compile"
            },
            "time": "2015-07-20 13:45:43"
        },
        {
            "name": "matthiasmullie/path-converter",
            "version": "1.0.5",
            "source": {
                "type": "git",
                "url": "https://github.com/matthiasmullie/path-converter.git",
                "reference": "b1e31c51e8c207ad6114f5b4ac4e652bc936c380"
            },
            "dist": {
                "type": "zip",
                "url": "https://api.github.com/repos/matthiasmullie/path-converter/zipball/b1e31c51e8c207ad6114f5b4ac4e652bc936c380",
                "reference": "b1e31c51e8c207ad6114f5b4ac4e652bc936c380",
                "shasum": ""
            },
            "require": {
                "ext-pcre": "*",
                "php": ">=5.3.0"
            },
            "require-dev": {
                "phpunit/phpunit": "4.3.*",
                "satooshi/php-coveralls": "dev-master"
            },
            "type": "library",
            "autoload": {
                "psr-4": {
                    "MatthiasMullie\\PathConverter\\": "src/"
                }
            },
            "notification-url": "https://packagist.org/downloads/",
            "license": [
                "MIT"
            ],
            "authors": [
                {
                    "name": "Matthias Mullie",
                    "email": "pathconverter@mullie.eu",
                    "homepage": "http://www.mullie.eu",
                    "role": "Developer"
                }
            ],
            "description": "Relative path converter",
            "homepage": "http://github.com/matthiasmullie/path-converter",
            "keywords": [
                "converter",
                "path",
                "paths",
                "relative"
            ],
            "time": "2015-06-01 15:20:30"
        }
    ],
    "packages-dev": [],
    "aliases": [],
    "minimum-stability": "stable",
    "stability-flags": {
        "matthiasmullie/minify": 20
    },
    "prefer-stable": false,
    "prefer-lowest": false,
    "platform": [],
    "platform-dev": []
}
